
Microsoft Visual Studio Solution File, Format Version 12.00
# Visual Studio Version 17
VisualStudioVersion = 17.3.32929.385
MinimumVisualStudioVersion = 10.0.40219.1
Project("{FAE04EC0-301F-11D3-BF4B-00C04F79EFBC}") = "ccproject", "ccproject\ccproject.csproj", "{1DB0426A-6BF8-48E4-A9EF-F49A3E459FCC}"
EndProject
Global
	GlobalSection(SolutionConfigurationPlatforms) = preSolution
		Debug|Any CPU = Debug|Any CPU
		Release|Any CPU = Release|Any CPU
	EndGlobalSection
	GlobalSection(ProjectConfigurationPlatforms) = postSolution
		{1DB0426A-6BF8-48E4-A9EF-F49A3E459FCC}.Debug|Any CPU.ActiveCfg = Debug|Any CPU
		{1DB0426A-6BF8-48E4-A9EF-F49A3E459FCC}.Debug|Any CPU.Build.0 = Debug|Any CPU
		{1DB0426A-6BF8-48E4-A9EF-F49A3E459FCC}.Release|Any CPU.ActiveCfg = Release|Any CPU
		{1DB0426A-6BF8-48E4-A9EF-F49A3E459FCC}.Release|Any CPU.Build.0 = Release|Any CPU
	EndGlobalSection
	GlobalSection(SolutionProperties) = preSolution
		HideSolutionNode = FALSE
	EndGlobalSection
	GlobalSection(ExtensibilityGlobals) = postSolution
		SolutionGuid = {15A053FA-0DD3-460D-B47E-E4E66E0059B5}
	EndGlobalSection
EndGlobal
